
Microsoft Visual Studio Solution File, Format Version 12.00
# Visual Studio 2013
VisualStudioVersion = 12.0.31101.0
MinimumVisualStudioVersion = 10.0.40219.1
Project("{FAE04EC0-301F-11D3-BF4B-00C04F79EFBC}") = "01. Interest Calculator", "01. Interest Calculator\01. Interest Calculator.csproj", "{C78441E2-8FA6-4E5B-ADCD-A97C38397E24}"
EndProject
Project("{FAE04EC0-301F-11D3-BF4B-00C04F79EFBC}") = "02. Asynchronous Timer", "02. Asynchronous Timer\02. Asynchronous Timer.csproj", "{083B82DD-D7D3-4C6D-9239-2161A840683D}"
EndProject
Project("{FAE04EC0-301F-11D3-BF4B-00C04F79EFBC}") = "03. Student Class", "03. Student Class\03. Student Class.csproj", "{F23DB6B0-1EC3-40E6-BDBB-B0B0E6E786B8}"
EndProject
Global
	GlobalSection(SolutionConfigurationPlatforms) = preSolution
		Debug|Any CPU = Debug|Any CPU
		Release|Any CPU = Release|Any CPU
	EndGlobalSection
	GlobalSection(ProjectConfigurationPlatforms) = postSolution
		{C78441E2-8FA6-4E5B-ADCD-A97C38397E24}.Debug|Any CPU.ActiveCfg = Debug|Any CPU
		{C78441E2-8FA6-4E5B-ADCD-A97C38397E24}.Debug|Any CPU.Build.0 = Debug|Any CPU
		{C78441E2-8FA6-4E5B-ADCD-A97C38397E24}.Release|Any CPU.ActiveCfg = Release|Any CPU
		{C78441E2-8FA6-4E5B-ADCD-A97C38397E24}.Release|Any CPU.Build.0 = Release|Any CPU
		{083B82DD-D7D3-4C6D-9239-2161A840683D}.Debug|Any CPU.ActiveCfg = Debug|Any CPU
		{083B82DD-D7D3-4C6D-9239-2161A840683D}.Debug|Any CPU.Build.0 = Debug|Any CPU
		{083B82DD-D7D3-4C6D-9239-2161A840683D}.Release|Any CPU.ActiveCfg = Release|Any CPU
		{083B82DD-D7D3-4C6D-9239-2161A840683D}.Release|Any CPU.Build.0 = Release|Any CPU
		{F23DB6B0-1EC3-40E6-BDBB-B0B0E6E786B8}.Debug|Any CPU.ActiveCfg = Debug|Any CPU
		{F23DB6B0-1EC3-40E6-BDBB-B0B0E6E786B8}.Debug|Any CPU.Build.0 = Debug|Any CPU
		{F23DB6B0-1EC3-40E6-BDBB-B0B0E6E786B8}.Release|Any CPU.ActiveCfg = Release|Any CPU
		{F23DB6B0-1EC3-40E6-BDBB-B0B0E6E786B8}.Release|Any CPU.Build.0 = Release|Any CPU
	EndGlobalSection
	GlobalSection(SolutionProperties) = preSolution
		HideSolutionNode = FALSE
	EndGlobalSection
EndGlobal
