
Microsoft Visual Studio Solution File, Format Version 12.00
# Visual Studio 2013
VisualStudioVersion = 12.0.31101.0
MinimumVisualStudioVersion = 10.0.40219.1
Project("{FAE04EC0-301F-11D3-BF4B-00C04F79EFBC}") = "01. Square Root", "01. Square Root\01. Square Root.csproj", "{D8DBAB42-BA8C-4615-A3C4-DD4D5F57D257}"
EndProject
Project("{FAE04EC0-301F-11D3-BF4B-00C04F79EFBC}") = "02. Enter Numbers", "02. Enter Numbers\02. Enter Numbers.csproj", "{9C0428C3-FD6A-4AFA-9709-2ECD8C2F59B3}"
EndProject
Global
	GlobalSection(SolutionConfigurationPlatforms) = preSolution
		Debug|Any CPU = Debug|Any CPU
		Release|Any CPU = Release|Any CPU
	EndGlobalSection
	GlobalSection(ProjectConfigurationPlatforms) = postSolution
		{D8DBAB42-BA8C-4615-A3C4-DD4D5F57D257}.Debug|Any CPU.ActiveCfg = Debug|Any CPU
		{D8DBAB42-BA8C-4615-A3C4-DD4D5F57D257}.Debug|Any CPU.Build.0 = Debug|Any CPU
		{D8DBAB42-BA8C-4615-A3C4-DD4D5F57D257}.Release|Any CPU.ActiveCfg = Release|Any CPU
		{D8DBAB42-BA8C-4615-A3C4-DD4D5F57D257}.Release|Any CPU.Build.0 = Release|Any CPU
		{9C0428C3-FD6A-4AFA-9709-2ECD8C2F59B3}.Debug|Any CPU.ActiveCfg = Debug|Any CPU
		{9C0428C3-FD6A-4AFA-9709-2ECD8C2F59B3}.Debug|Any CPU.Build.0 = Debug|Any CPU
		{9C0428C3-FD6A-4AFA-9709-2ECD8C2F59B3}.Release|Any CPU.ActiveCfg = Release|Any CPU
		{9C0428C3-FD6A-4AFA-9709-2ECD8C2F59B3}.Release|Any CPU.Build.0 = Release|Any CPU
	EndGlobalSection
	GlobalSection(SolutionProperties) = preSolution
		HideSolutionNode = FALSE
	EndGlobalSection
EndGlobal
